
<Solution>
  <Folder Name="/CI/">
    <File Path=".github/workflows/dotnet.yml" />
  </Folder>
  <Folder Name="/Solution Items/">
    <File Path="Directory.Build.props" />
    <File Path="LICENCE" />
    <File Path="README.md" />
  </Folder>
  <Folder Name="/Source/">
    <Project Path="src/Result.AspNet/Result.AspNet.csproj" />
    <Project Path="src/Result.WolverineFx/Result.WolverineFx.csproj" />
    <Project Path="src/Result/Result.csproj" />
  </Folder>
  <Folder Name="/Tests/">
    <Project Path="tests/Result.Tests/Result.Tests.csproj" />
    <Project Path="tests/Result.WolverineFx.Tests/Result.WolverineFx.Tests.csproj" />
  </Folder>
</Solution>
